
Microsoft Visual Studio Solution File, Format Version 12.00
# Visual Studio Version 17
VisualStudioVersion = 17.14.36616.10 d17.14
MinimumVisualStudioVersion = 10.0.40219.1
Project("{FAE04EC0-301F-11D3-BF4B-00C04F79EFBC}") = "SumofSquare", "SumofSquare\SumofSquare.csproj", "{4AF6ABFC-2C26-4391-BBD4-FB62C70737E1}"
EndProject
Global
	GlobalSection(SolutionConfigurationPlatforms) = preSolution
		Debug|Any CPU = Debug|Any CPU
		Release|Any CPU = Release|Any CPU
	EndGlobalSection
	GlobalSection(ProjectConfigurationPlatforms) = postSolution
		{4AF6ABFC-2C26-4391-BBD4-FB62C70737E1}.Debug|Any CPU.ActiveCfg = Debug|Any CPU
		{4AF6ABFC-2C26-4391-BBD4-FB62C70737E1}.Debug|Any CPU.Build.0 = Debug|Any CPU
		{4AF6ABFC-2C26-4391-BBD4-FB62C70737E1}.Release|Any CPU.ActiveCfg = Release|Any CPU
		{4AF6ABFC-2C26-4391-BBD4-FB62C70737E1}.Release|Any CPU.Build.0 = Release|Any CPU
	EndGlobalSection
	GlobalSection(SolutionProperties) = preSolution
		HideSolutionNode = FALSE
	EndGlobalSection
	GlobalSection(ExtensibilityGlobals) = postSolution
		SolutionGuid = {C098315D-582A-4267-9EAC-453BF1E2F9C6}
	EndGlobalSection
EndGlobal
