
Microsoft Visual Studio Solution File, Format Version 12.00
# Visual Studio Version 17
VisualStudioVersion = 17.14.36616.10 d17.14
MinimumVisualStudioVersion = 10.0.40219.1
Project("{FAE04EC0-301F-11D3-BF4B-00C04F79EFBC}") = "EmployeeRecord", "EmployeeRecord\EmployeeRecord.csproj", "{49F53AC2-70A4-46C8-82EF-9454DFCBBFDF}"
EndProject
Project("{FAE04EC0-301F-11D3-BF4B-00C04F79EFBC}") = "MainMethod", "MainMethod\MainMethod.csproj", "{807AFF32-E8A8-4F17-B1DB-0FC36273A81B}"
EndProject
Global
	GlobalSection(SolutionConfigurationPlatforms) = preSolution
		Debug|Any CPU = Debug|Any CPU
		Release|Any CPU = Release|Any CPU
	EndGlobalSection
	GlobalSection(ProjectConfigurationPlatforms) = postSolution
		{49F53AC2-70A4-46C8-82EF-9454DFCBBFDF}.Debug|Any CPU.ActiveCfg = Debug|Any CPU
		{49F53AC2-70A4-46C8-82EF-9454DFCBBFDF}.Debug|Any CPU.Build.0 = Debug|Any CPU
		{49F53AC2-70A4-46C8-82EF-9454DFCBBFDF}.Release|Any CPU.ActiveCfg = Release|Any CPU
		{49F53AC2-70A4-46C8-82EF-9454DFCBBFDF}.Release|Any CPU.Build.0 = Release|Any CPU
		{807AFF32-E8A8-4F17-B1DB-0FC36273A81B}.Debug|Any CPU.ActiveCfg = Debug|Any CPU
		{807AFF32-E8A8-4F17-B1DB-0FC36273A81B}.Debug|Any CPU.Build.0 = Debug|Any CPU
		{807AFF32-E8A8-4F17-B1DB-0FC36273A81B}.Release|Any CPU.ActiveCfg = Release|Any CPU
		{807AFF32-E8A8-4F17-B1DB-0FC36273A81B}.Release|Any CPU.Build.0 = Release|Any CPU
	EndGlobalSection
	GlobalSection(SolutionProperties) = preSolution
		HideSolutionNode = FALSE
	EndGlobalSection
	GlobalSection(ExtensibilityGlobals) = postSolution
		SolutionGuid = {58467909-AD1C-4089-B2A8-264CD46F5C22}
	EndGlobalSection
EndGlobal
