
Microsoft Visual Studio Solution File, Format Version 12.00
# Visual Studio Version 17
VisualStudioVersion = 17.14.36908.2 d17.14
MinimumVisualStudioVersion = 10.0.40219.1
Project("{FAE04EC0-301F-11D3-BF4B-00C04F79EFBC}") = "Question-2_MVC", "Question-2_MVC\Question-2_MVC.csproj", "{A80BCC17-C0C4-4093-9D98-E133A8A0E1F3}"
EndProject
Global
	GlobalSection(SolutionConfigurationPlatforms) = preSolution
		Debug|Any CPU = Debug|Any CPU
		Release|Any CPU = Release|Any CPU
	EndGlobalSection
	GlobalSection(ProjectConfigurationPlatforms) = postSolution
		{A80BCC17-C0C4-4093-9D98-E133A8A0E1F3}.Debug|Any CPU.ActiveCfg = Debug|Any CPU
		{A80BCC17-C0C4-4093-9D98-E133A8A0E1F3}.Debug|Any CPU.Build.0 = Debug|Any CPU
		{A80BCC17-C0C4-4093-9D98-E133A8A0E1F3}.Release|Any CPU.ActiveCfg = Release|Any CPU
		{A80BCC17-C0C4-4093-9D98-E133A8A0E1F3}.Release|Any CPU.Build.0 = Release|Any CPU
	EndGlobalSection
	GlobalSection(SolutionProperties) = preSolution
		HideSolutionNode = FALSE
	EndGlobalSection
	GlobalSection(ExtensibilityGlobals) = postSolution
		SolutionGuid = {565D0BA6-4F16-431B-857C-51C02A460A5D}
	EndGlobalSection
EndGlobal
